{
  "object": {
    "pins": [
      {
        "package": "PopupView",
        "repositoryURL": "https://github.com/exyte/PopupView",
        "state": {
          "branch": null,
          "revision": "b1834668b34b9ec22dfe7c462dfbb694edc7ec2d",
          "version": "1.0.1"
        }
      }
    ]
  },
  "version": 1
}
