// !$*UTF8*$!
{
	archiveVersion = 1;
	classes = {
	};
	objectVersion = 50;
	objects = {

/* Begin PBXBuildFile section */
		C951B88726C831A200C625C9 /* Tests_iOS.swift in Sources */ = {isa = PBXBuildFile; fileRef = C951B88626C831A200C625C9 /* Tests_iOS.swift */; };
		C951B89226C831A200C625C9 /* Tests_macOS.swift in Sources */ = {isa = PBXBuildFile; fileRef = C951B89126C831A200C625C9 /* Tests_macOS.swift */; };
		C951B89426C831A200C625C9 /* chmodutilApp.swift in Sources */ = {isa = PBXBuildFile; fileRef = C951B86B26C831A100C625C9 /* chmodutilApp.swift */; };
		C951B89526C831A200C625C9 /* chmodutilApp.swift in Sources */ = {isa = PBXBuildFile; fileRef = C951B86B26C831A100C625C9 /* chmodutilApp.swift */; };
		C951B89626C831A200C625C9 /* ContentView.swift in Sources */ = {isa = PBXBuildFile; fileRef = C951B86C26C831A100C625C9 /* ContentView.swift */; };
		C951B89726C831A200C625C9 /* ContentView.swift in Sources */ = {isa = PBXBuildFile; fileRef = C951B86C26C831A100C625C9 /* ContentView.swift */; };
		C951B89826C831A200C625C9 /* Assets.xcassets in Resources */ = {isa = PBXBuildFile; fileRef = C951B86D26C831A100C625C9 /* Assets.xcassets */; };
		C951B89926C831A200C625C9 /* Assets.xcassets in Resources */ = {isa = PBXBuildFile; fileRef = C951B86D26C831A100C625C9 /* Assets.xcassets */; };
/* End PBXBuildFile section */

/* Begin PBXContainerItemProxy section */
		C951B88326C831A200C625C9 /* PBXContainerItemProxy */ = {
			isa = PBXContainerItemProxy;
			containerPortal = C951B86626C831A100C625C9 /* Project object */;
			proxyType = 1;
			remoteGlobalIDString = C951B87126C831A100C625C9;
			remoteInfo = "chmodutil (iOS)";
		};
		C951B88E26C831A200C625C9 /* PBXContainerItemProxy */ = {
			isa = PBXContainerItemProxy;
			containerPortal = C951B86626C831A100C625C9 /* Project object */;
			proxyType = 1;
			remoteGlobalIDString = C951B87926C831A200C625C9;
			remoteInfo = "chmodutil (macOS)";
		};
/* End PBXContainerItemProxy section */

/* Begin PBXFileReference section */
		C951B86B26C831A100C625C9 /* chmodutilApp.swift */ = {isa = PBXFileReference; lastKnownFileType = sourcecode.swift; path = chmodutilApp.swift; sourceTree = "<group>"; };
		C951B86C26C831A100C625C9 /* ContentView.swift */ = {isa = PBXFileReference; lastKnownFileType = sourcecode.swift; path = ContentView.swift; sourceTree = "<group>"; };
		C951B86D26C831A100C625C9 /* Assets.xcassets */ = {isa = PBXFileReference; lastKnownFileType = folder.assetcatalog; path = Assets.xcassets; sourceTree = "<group>"; };
		C951B87226C831A100C625C9 /* chmodutil.app */ = {isa = PBXFileReference; explicitFileType = wrapper.application; includeInIndex = 0; path = chmodutil.app; sourceTree = BUILT_PRODUCTS_DIR; };
		C951B87526C831A100C625C9 /* Info.plist */ = {isa = PBXFileReference; lastKnownFileType = text.plist.xml; path = Info.plist; sourceTree = "<group>"; };
		C951B87A26C831A200C625C9 /* chmodutil.app */ = {isa = PBXFileReference; explicitFileType = wrapper.application; includeInIndex = 0; path = chmodutil.app; sourceTree = BUILT_PRODUCTS_DIR; };
		C951B87C26C831A200C625C9 /* Info.plist */ = {isa = PBXFileReference; lastKnownFileType = text.plist.xml; path = Info.plist; sourceTree = "<group>"; };
		C951B87D26C831A200C625C9 /* macOS.entitlements */ = {isa = PBXFileReference; lastKnownFileType = text.plist.entitlements; path = macOS.entitlements; sourceTree = "<group>"; };
		C951B88226C831A200C625C9 /* Tests iOS.xctest */ = {isa = PBXFileReference; explicitFileType = wrapper.cfbundle; includeInIndex = 0; path = "Tests iOS.xctest"; sourceTree = BUILT_PRODUCTS_DIR; };
		C951B88626C831A200C625C9 /* Tests_iOS.swift */ = {isa = PBXFileReference; lastKnownFileType = sourcecode.swift; path = Tests_iOS.swift; sourceTree = "<group>"; };
		C951B88826C831A200C625C9 /* Info.plist */ = {isa = PBXFileReference; lastKnownFileType = text.plist.xml; path = Info.plist; sourceTree = "<group>"; };
		C951B88D26C831A200C625C9 /* Tests macOS.xctest */ = {isa = PBXFileReference; explicitFileType = wrapper.cfbundle; includeInIndex = 0; path = "Tests macOS.xctest"; sourceTree = BUILT_PRODUCTS_DIR; };
		C951B89126C831A200C625C9 /* Tests_macOS.swift */ = {isa = PBXFileReference; lastKnownFileType = sourcecode.swift; path = Tests_macOS.swift; sourceTree = "<group>"; };
		C951B89326C831A200C625C9 /* Info.plist */ = {isa = PBXFileReference; lastKnownFileType = text.plist.xml; path = Info.plist; sourceTree = "<group>"; };
/* End PBXFileReference section */

/* Begin PBXFrameworksBuildPhase section */
		C951B86F26C831A100C625C9 /* Frameworks */ = {
			isa = PBXFrameworksBuildPhase;
			buildActionMask = 2147483647;
			files = (
			);
			runOnlyForDeploymentPostprocessing = 0;
		};
		C951B87726C831A200C625C9 /* Frameworks */ = {
			isa = PBXFrameworksBuildPhase;
			buildActionMask = 2147483647;
			files = (
			);
			runOnlyForDeploymentPostprocessing = 0;
		};
		C951B87F26C831A200C625C9 /* Frameworks */ = {
			isa = PBXFrameworksBuildPhase;
			buildActionMask = 2147483647;
			files = (
			);
			runOnlyForDeploymentPostprocessing = 0;
		};
		C951B88A26C831A200C625C9 /* Frameworks */ = {
			isa = PBXFrameworksBuildPhase;
			buildActionMask = 2147483647;
			files = (
			);
			runOnlyForDeploymentPostprocessing = 0;
		};
/* End PBXFrameworksBuildPhase section */

/* Begin PBXGroup section */
		C951B86526C831A100C625C9 = {
			isa = PBXGroup;
			children = (
				C951B86A26C831A100C625C9 /* Shared */,
				C951B87426C831A100C625C9 /* iOS */,
				C951B87B26C831A200C625C9 /* macOS */,
				C951B88526C831A200C625C9 /* Tests iOS */,
				C951B89026C831A200C625C9 /* Tests macOS */,
				C951B87326C831A100C625C9 /* Products */,
			);
			sourceTree = "<group>";
		};
		C951B86A26C831A100C625C9 /* Shared */ = {
			isa = PBXGroup;
			children = (
				C951B86B26C831A100C625C9 /* chmodutilApp.swift */,
				C951B86C26C831A100C625C9 /* ContentView.swift */,
				C951B86D26C831A100C625C9 /* Assets.xcassets */,
			);
			path = Shared;
			sourceTree = "<group>";
		};
		C951B87326C831A100C625C9 /* Products */ = {
			isa = PBXGroup;
			children = (
				C951B87226C831A100C625C9 /* chmodutil.app */,
				C951B87A26C831A200C625C9 /* chmodutil.app */,
				C951B88226C831A200C625C9 /* Tests iOS.xctest */,
				C951B88D26C831A200C625C9 /* Tests macOS.xctest */,
			);
			name = Products;
			sourceTree = "<group>";
		};
		C951B87426C831A100C625C9 /* iOS */ = {
			isa = PBXGroup;
			children = (
				C951B87526C831A100C625C9 /* Info.plist */,
			);
			path = iOS;
			sourceTree = "<group>";
		};
		C951B87B26C831A200C625C9 /* macOS */ = {
			isa = PBXGroup;
			children = (
				C951B87C26C831A200C625C9 /* Info.plist */,
				C951B87D26C831A200C625C9 /* macOS.entitlements */,
			);
			path = macOS;
			sourceTree = "<group>";
		};
		C951B88526C831A200C625C9 /* Tests iOS */ = {
			isa = PBXGroup;
			children = (
				C951B88626C831A200C625C9 /* Tests_iOS.swift */,
				C951B88826C831A200C625C9 /* Info.plist */,
			);
			path = "Tests iOS";
			sourceTree = "<group>";
		};
		C951B89026C831A200C625C9 /* Tests macOS */ = {
			isa = PBXGroup;
			children = (
				C951B89126C831A200C625C9 /* Tests_macOS.swift */,
				C951B89326C831A200C625C9 /* Info.plist */,
			);
			path = "Tests macOS";
			sourceTree = "<group>";
		};
/* End PBXGroup section */

/* Begin PBXNativeTarget section */
		C951B87126C831A100C625C9 /* chmodutil (iOS) */ = {
			isa = PBXNativeTarget;
			buildConfigurationList = C951B89C26C831A200C625C9 /* Build configuration list for PBXNativeTarget "chmodutil (iOS)" */;
			buildPhases = (
				C951B86E26C831A100C625C9 /* Sources */,
				C951B86F26C831A100C625C9 /* Frameworks */,
				C951B87026C831A100C625C9 /* Resources */,
			);
			buildRules = (
			);
			dependencies = (
			);
			name = "chmodutil (iOS)";
			productName = "chmodutil (iOS)";
			productReference = C951B87226C831A100C625C9 /* chmodutil.app */;
			productType = "com.apple.product-type.application";
		};
		C951B87926C831A200C625C9 /* chmodutil (macOS) */ = {
			isa = PBXNativeTarget;
			buildConfigurationList = C951B89F26C831A200C625C9 /* Build configuration list for PBXNativeTarget "chmodutil (macOS)" */;
			buildPhases = (
				C951B87626C831A200C625C9 /* Sources */,
				C951B87726C831A200C625C9 /* Frameworks */,
				C951B87826C831A200C625C9 /* Resources */,
			);
			buildRules = (
			);
			dependencies = (
			);
			name = "chmodutil (macOS)";
			productName = "chmodutil (macOS)";
			productReference = C951B87A26C831A200C625C9 /* chmodutil.app */;
			productType = "com.apple.product-type.application";
		};
		C951B88126C831A200C625C9 /* Tests iOS */ = {
			isa = PBXNativeTarget;
			buildConfigurationList = C951B8A226C831A200C625C9 /* Build configuration list for PBXNativeTarget "Tests iOS" */;
			buildPhases = (
				C951B87E26C831A200C625C9 /* Sources */,
				C951B87F26C831A200C625C9 /* Frameworks */,
				C951B88026C831A200C625C9 /* Resources */,
			);
			buildRules = (
			);
			dependencies = (
				C951B88426C831A200C625C9 /* PBXTargetDependency */,
			);
			name = "Tests iOS";
			productName = "Tests iOS";
			productReference = C951B88226C831A200C625C9 /* Tests iOS.xctest */;
			productType = "com.apple.product-type.bundle.ui-testing";
		};
		C951B88C26C831A200C625C9 /* Tests macOS */ = {
			isa = PBXNativeTarget;
			buildConfigurationList = C951B8A526C831A200C625C9 /* Build configuration list for PBXNativeTarget "Tests macOS" */;
			buildPhases = (
				C951B88926C831A200C625C9 /* Sources */,
				C951B88A26C831A200C625C9 /* Frameworks */,
				C951B88B26C831A200C625C9 /* Resources */,
			);
			buildRules = (
			);
			dependencies = (
				C951B88F26C831A200C625C9 /* PBXTargetDependency */,
			);
			name = "Tests macOS";
			productName = "Tests macOS";
			productReference = C951B88D26C831A200C625C9 /* Tests macOS.xctest */;
			productType = "com.apple.product-type.bundle.ui-testing";
		};
/* End PBXNativeTarget section */

/* Begin PBXProject section */
		C951B86626C831A100C625C9 /* Project object */ = {
			isa = PBXProject;
			attributes = {
				LastSwiftUpdateCheck = 1250;
				LastUpgradeCheck = 1250;
				TargetAttributes = {
					C951B87126C831A100C625C9 = {
						CreatedOnToolsVersion = 12.5.1;
					};
					C951B87926C831A200C625C9 = {
						CreatedOnToolsVersion = 12.5.1;
					};
					C951B88126C831A200C625C9 = {
						CreatedOnToolsVersion = 12.5.1;
						TestTargetID = C951B87126C831A100C625C9;
					};
					C951B88C26C831A200C625C9 = {
						CreatedOnToolsVersion = 12.5.1;
						TestTargetID = C951B87926C831A200C625C9;
					};
				};
			};
			buildConfigurationList = C951B86926C831A100C625C9 /* Build configuration list for PBXProject "chmodutil" */;
			compatibilityVersion = "Xcode 9.3";
			developmentRegion = en;
			hasScannedForEncodings = 0;
			knownRegions = (
				en,
				Base,
			);
			mainGroup = C951B86526C831A100C625C9;
			productRefGroup = C951B87326C831A100C625C9 /* Products */;
			projectDirPath = "";
			projectRoot = "";
			targets = (
				C951B87126C831A100C625C9 /* chmodutil (iOS) */,
				C951B87926C831A200C625C9 /* chmodutil (macOS) */,
				C951B88126C831A200C625C9 /* Tests iOS */,
				C951B88C26C831A200C625C9 /* Tests macOS */,
			);
		};
/* End PBXProject section */

/* Begin PBXResourcesBuildPhase section */
		C951B87026C831A100C625C9 /* Resources */ = {
			isa = PBXResourcesBuildPhase;
			buildActionMask = 2147483647;
			files = (
				C951B89826C831A200C625C9 /* Assets.xcassets in Resources */,
			);
			runOnlyForDeploymentPostprocessing = 0;
		};
		C951B87826C831A200C625C9 /* Resources */ = {
			isa = PBXResourcesBuildPhase;
			buildActionMask = 2147483647;
			files = (
				C951B89926C831A200C625C9 /* Assets.xcassets in Resources */,
			);
			runOnlyForDeploymentPostprocessing = 0;
		};
		C951B88026C831A200C625C9 /* Resources */ = {
			isa = PBXResourcesBuildPhase;
			buildActionMask = 2147483647;
			files = (
			);
			runOnlyForDeploymentPostprocessing = 0;
		};
		C951B88B26C831A200C625C9 /* Resources */ = {
			isa = PBXResourcesBuildPhase;
			buildActionMask = 2147483647;
			files = (
			);
			runOnlyForDeploymentPostprocessing = 0;
		};
/* End PBXResourcesBuildPhase section */

/* Begin PBXSourcesBuildPhase section */
		C951B86E26C831A100C625C9 /* Sources */ = {
			isa = PBXSourcesBuildPhase;
			buildActionMask = 2147483647;
			files = (
				C951B89626C831A200C625C9 /* ContentView.swift in Sources */,
				C951B89426C831A200C625C9 /* chmodutilApp.swift in Sources */,
			);
			runOnlyForDeploymentPostprocessing = 0;
		};
		C951B87626C831A200C625C9 /* Sources */ = {
			isa = PBXSourcesBuildPhase;
			buildActionMask = 2147483647;
			files = (
				C951B89726C831A200C625C9 /* ContentView.swift in Sources */,
				C951B89526C831A200C625C9 /* chmodutilApp.swift in Sources */,
			);
			runOnlyForDeploymentPostprocessing = 0;
		};
		C951B87E26C831A200C625C9 /* Sources */ = {
			isa = PBXSourcesBuildPhase;
			buildActionMask = 2147483647;
			files = (
				C951B88726C831A200C625C9 /* Tests_iOS.swift in Sources */,
			);
			runOnlyForDeploymentPostprocessing = 0;
		};
		C951B88926C831A200C625C9 /* Sources */ = {
			isa = PBXSourcesBuildPhase;
			buildActionMask = 2147483647;
			files = (
				C951B89226C831A200C625C9 /* Tests_macOS.swift in Sources */,
			);
			runOnlyForDeploymentPostprocessing = 0;
		};
/* End PBXSourcesBuildPhase section */

/* Begin PBXTargetDependency section */
		C951B88426C831A200C625C9 /* PBXTargetDependency */ = {
			isa = PBXTargetDependency;
			target = C951B87126C831A100C625C9 /* chmodutil (iOS) */;
			targetProxy = C951B88326C831A200C625C9 /* PBXContainerItemProxy */;
		};
		C951B88F26C831A200C625C9 /* PBXTargetDependency */ = {
			isa = PBXTargetDependency;
			target = C951B87926C831A200C625C9 /* chmodutil (macOS) */;
			targetProxy = C951B88E26C831A200C625C9 /* PBXContainerItemProxy */;
		};
/* End PBXTargetDependency section */

/* Begin XCBuildConfiguration section */
		C951B89A26C831A200C625C9 /* Debug */ = {
			isa = XCBuildConfiguration;
			buildSettings = {
				ALWAYS_SEARCH_USER_PATHS = NO;
				CLANG_ANALYZER_NONNULL = YES;
				CLANG_ANALYZER_NUMBER_OBJECT_CONVERSION = YES_AGGRESSIVE;
				CLANG_CXX_LANGUAGE_STANDARD = "gnu++14";
				CLANG_CXX_LIBRARY = "libc++";
				CLANG_ENABLE_MODULES = YES;
				CLANG_ENABLE_OBJC_ARC = YES;
				CLANG_ENABLE_OBJC_WEAK = YES;
				CLANG_WARN_BLOCK_CAPTURE_AUTORELEASING = YES;
				CLANG_WARN_BOOL_CONVERSION = YES;
				CLANG_WARN_COMMA = YES;
				CLANG_WARN_CONSTANT_CONVERSION = YES;
				CLANG_WARN_DEPRECATED_OBJC_IMPLEMENTATIONS = YES;
				CLANG_WARN_DIRECT_OBJC_ISA_USAGE = YES_ERROR;
				CLANG_WARN_DOCUMENTATION_COMMENTS = YES;
				CLANG_WARN_EMPTY_BODY = YES;
				CLANG_WARN_ENUM_CONVERSION = YES;
				CLANG_WARN_INFINITE_RECURSION = YES;
				CLANG_WARN_INT_CONVERSION = YES;
				CLANG_WARN_NON_LITERAL_NULL_CONVERSION = YES;
				CLANG_WARN_OBJC_IMPLICIT_RETAIN_SELF = YES;
				CLANG_WARN_OBJC_LITERAL_CONVERSION = YES;
				CLANG_WARN_OBJC_ROOT_CLASS = YES_ERROR;
				CLANG_WARN_QUOTED_INCLUDE_IN_FRAMEWORK_HEADER = YES;
				CLANG_WARN_RANGE_LOOP_ANALYSIS = YES;
				CLANG_WARN_STRICT_PROTOTYPES = YES;
				CLANG_WARN_SUSPICIOUS_MOVE = YES;
				CLANG_WARN_UNGUARDED_AVAILABILITY = YES_AGGRESSIVE;
				CLANG_WARN_UNREACHABLE_CODE = YES;
				CLANG_WARN__DUPLICATE_METHOD_MATCH = YES;
				COPY_PHASE_STRIP = NO;
				DEBUG_INFORMATION_FORMAT = dwarf;
				ENABLE_STRICT_OBJC_MSGSEND = YES;
				ENABLE_TESTABILITY = YES;
				GCC_C_LANGUAGE_STANDARD = gnu11;
				GCC_DYNAMIC_NO_PIC = NO;
				GCC_NO_COMMON_BLOCKS = YES;
				GCC_OPTIMIZATION_LEVEL = 0;
				GCC_PREPROCESSOR_DEFINITIONS = (
					"DEBUG=1",
					"$(inherited)",
				);
				GCC_WARN_64_TO_32_BIT_CONVERSION = YES;
				GCC_WARN_ABOUT_RETURN_TYPE = YES_ERROR;
				GCC_WARN_UNDECLARED_SELECTOR = YES;
				GCC_WARN_UNINITIALIZED_AUTOS = YES_AGGRESSIVE;
				GCC_WARN_UNUSED_FUNCTION = YES;
				GCC_WARN_UNUSED_VARIABLE = YES;
				MTL_ENABLE_DEBUG_INFO = INCLUDE_SOURCE;
				MTL_FAST_MATH = YES;
				ONLY_ACTIVE_ARCH = YES;
				SWIFT_ACTIVE_COMPILATION_CONDITIONS = DEBUG;
				SWIFT_OPTIMIZATION_LEVEL = "-Onone";
			};
			name = Debug;
		};
		C951B89B26C831A200C625C9 /* Release */ = {
			isa = XCBuildConfiguration;
			buildSettings = {
				ALWAYS_SEARCH_USER_PATHS = NO;
				CLANG_ANALYZER_NONNULL = YES;
				CLANG_ANALYZER_NUMBER_OBJECT_CONVERSION = YES_AGGRESSIVE;
				CLANG_CXX_LANGUAGE_STANDARD = "gnu++14";
				CLANG_CXX_LIBRARY = "libc++";
				CLANG_ENABLE_MODULES = YES;
				CLANG_ENABLE_OBJC_ARC = YES;
				CLANG_ENABLE_OBJC_WEAK = YES;
				CLANG_WARN_BLOCK_CAPTURE_AUTORELEASING = YES;
				CLANG_WARN_BOOL_CONVERSION = YES;
				CLANG_WARN_COMMA = YES;
				CLANG_WARN_CONSTANT_CONVERSION = YES;
				CLANG_WARN_DEPRECATED_OBJC_IMPLEMENTATIONS = YES;
				CLANG_WARN_DIRECT_OBJC_ISA_USAGE = YES_ERROR;
				CLANG_WARN_DOCUMENTATION_COMMENTS = YES;
				CLANG_WARN_EMPTY_BODY = YES;
				CLANG_WARN_ENUM_CONVERSION = YES;
				CLANG_WARN_INFINITE_RECURSION = YES;
				CLANG_WARN_INT_CONVERSION = YES;
				CLANG_WARN_NON_LITERAL_NULL_CONVERSION = YES;
				CLANG_WARN_OBJC_IMPLICIT_RETAIN_SELF = YES;
				CLANG_WARN_OBJC_LITERAL_CONVERSION = YES;
				CLANG_WARN_OBJC_ROOT_CLASS = YES_ERROR;
				CLANG_WARN_QUOTED_INCLUDE_IN_FRAMEWORK_HEADER = YES;
				CLANG_WARN_RANGE_LOOP_ANALYSIS = YES;
				CLANG_WARN_STRICT_PROTOTYPES = YES;
				CLANG_WARN_SUSPICIOUS_MOVE = YES;
				CLANG_WARN_UNGUARDED_AVAILABILITY = YES_AGGRESSIVE;
				CLANG_WARN_UNREACHABLE_CODE = YES;
				CLANG_WARN__DUPLICATE_METHOD_MATCH = YES;
				COPY_PHASE_STRIP = NO;
				DEBUG_INFORMATION_FORMAT = "dwarf-with-dsym";
				ENABLE_NS_ASSERTIONS = NO;
				ENABLE_STRICT_OBJC_MSGSEND = YES;
				GCC_C_LANGUAGE_STANDARD = gnu11;
				GCC_NO_COMMON_BLOCKS = YES;
				GCC_WARN_64_TO_32_BIT_CONVERSION = YES;
				GCC_WARN_ABOUT_RETURN_TYPE = YES_ERROR;
				GCC_WARN_UNDECLARED_SELECTOR = YES;
				GCC_WARN_UNINITIALIZED_AUTOS = YES_AGGRESSIVE;
				GCC_WARN_UNUSED_FUNCTION = YES;
				GCC_WARN_UNUSED_VARIABLE = YES;
				MTL_ENABLE_DEBUG_INFO = NO;
				MTL_FAST_MATH = YES;
				SWIFT_COMPILATION_MODE = wholemodule;
				SWIFT_OPTIMIZATION_LEVEL = "-O";
			};
			name = Release;
		};
		C951B89D26C831A200C625C9 /* Debug */ = {
			isa = XCBuildConfiguration;
			buildSettings = {
				ASSETCATALOG_COMPILER_APPICON_NAME = AppIcon;
				ASSETCATALOG_COMPILER_GLOBAL_ACCENT_COLOR_NAME = AccentColor;
				CODE_SIGN_STYLE = Automatic;
				DEVELOPMENT_TEAM = H89RFW5UZ6;
				ENABLE_PREVIEWS = YES;
				INFOPLIST_FILE = iOS/Info.plist;
				IPHONEOS_DEPLOYMENT_TARGET = 14.0;
				LD_RUNPATH_SEARCH_PATHS = (
					"$(inherited)",
					"@executable_path/Frameworks",
				);
				PRODUCT_BUNDLE_IDENTIFIER = com.mattrighetti.chmodutil;
				PRODUCT_NAME = chmodutil;
				SDKROOT = iphoneos;
				SWIFT_VERSION = 5.0;
				TARGETED_DEVICE_FAMILY = "1,2";
			};
			name = Debug;
		};
		C951B89E26C831A200C625C9 /* Release */ = {
			isa = XCBuildConfiguration;
			buildSettings = {
				ASSETCATALOG_COMPILER_APPICON_NAME = AppIcon;
				ASSETCATALOG_COMPILER_GLOBAL_ACCENT_COLOR_NAME = AccentColor;
				CODE_SIGN_STYLE = Automatic;
				DEVELOPMENT_TEAM = H89RFW5UZ6;
				ENABLE_PREVIEWS = YES;
				INFOPLIST_FILE = iOS/Info.plist;
				IPHONEOS_DEPLOYMENT_TARGET = 14.0;
				LD_RUNPATH_SEARCH_PATHS = (
					"$(inherited)",
					"@executable_path/Frameworks",
				);
				PRODUCT_BUNDLE_IDENTIFIER = com.mattrighetti.chmodutil;
				PRODUCT_NAME = chmodutil;
				SDKROOT = iphoneos;
				SWIFT_VERSION = 5.0;
				TARGETED_DEVICE_FAMILY = "1,2";
				VALIDATE_PRODUCT = YES;
			};
			name = Release;
		};
		C951B8A026C831A200C625C9 /* Debug */ = {
			isa = XCBuildConfiguration;
			buildSettings = {
				ASSETCATALOG_COMPILER_APPICON_NAME = AppIcon;
				ASSETCATALOG_COMPILER_GLOBAL_ACCENT_COLOR_NAME = AccentColor;
				CODE_SIGN_ENTITLEMENTS = macOS/macOS.entitlements;
				CODE_SIGN_STYLE = Automatic;
				COMBINE_HIDPI_IMAGES = YES;
				DEVELOPMENT_TEAM = H89RFW5UZ6;
				ENABLE_HARDENED_RUNTIME = YES;
				ENABLE_PREVIEWS = YES;
				INFOPLIST_FILE = macOS/Info.plist;
				LD_RUNPATH_SEARCH_PATHS = (
					"$(inherited)",
					"@executable_path/../Frameworks",
				);
				MACOSX_DEPLOYMENT_TARGET = 11.0;
				PRODUCT_BUNDLE_IDENTIFIER = com.mattrighetti.chmodutil;
				PRODUCT_NAME = chmodutil;
				SDKROOT = macosx;
				SWIFT_VERSION = 5.0;
			};
			name = Debug;
		};
		C951B8A126C831A200C625C9 /* Release */ = {
			isa = XCBuildConfiguration;
			buildSettings = {
				ASSETCATALOG_COMPILER_APPICON_NAME = AppIcon;
				ASSETCATALOG_COMPILER_GLOBAL_ACCENT_COLOR_NAME = AccentColor;
				CODE_SIGN_ENTITLEMENTS = macOS/macOS.entitlements;
				CODE_SIGN_STYLE = Automatic;
				COMBINE_HIDPI_IMAGES = YES;
				DEVELOPMENT_TEAM = H89RFW5UZ6;
				ENABLE_HARDENED_RUNTIME = YES;
				ENABLE_PREVIEWS = YES;
				INFOPLIST_FILE = macOS/Info.plist;
				LD_RUNPATH_SEARCH_PATHS = (
					"$(inherited)",
					"@executable_path/../Frameworks",
				);
				MACOSX_DEPLOYMENT_TARGET = 11.0;
				PRODUCT_BUNDLE_IDENTIFIER = com.mattrighetti.chmodutil;
				PRODUCT_NAME = chmodutil;
				SDKROOT = macosx;
				SWIFT_VERSION = 5.0;
			};
			name = Release;
		};
		C951B8A326C831A200C625C9 /* Debug */ = {
			isa = XCBuildConfiguration;
			buildSettings = {
				ALWAYS_EMBED_SWIFT_STANDARD_LIBRARIES = YES;
				CODE_SIGN_STYLE = Automatic;
				DEVELOPMENT_TEAM = H89RFW5UZ6;
				INFOPLIST_FILE = "Tests iOS/Info.plist";
				IPHONEOS_DEPLOYMENT_TARGET = 14.5;
				LD_RUNPATH_SEARCH_PATHS = (
					"$(inherited)",
					"@executable_path/Frameworks",
					"@loader_path/Frameworks",
				);
				PRODUCT_BUNDLE_IDENTIFIER = "com.mattrighetti.Tests-iOS";
				PRODUCT_NAME = "$(TARGET_NAME)";
				SDKROOT = iphoneos;
				SWIFT_VERSION = 5.0;
				TARGETED_DEVICE_FAMILY = "1,2";
				TEST_TARGET_NAME = "chmodutil (iOS)";
			};
			name = Debug;
		};
		C951B8A426C831A200C625C9 /* Release */ = {
			isa = XCBuildConfiguration;
			buildSettings = {
				ALWAYS_EMBED_SWIFT_STANDARD_LIBRARIES = YES;
				CODE_SIGN_STYLE = Automatic;
				DEVELOPMENT_TEAM = H89RFW5UZ6;
				INFOPLIST_FILE = "Tests iOS/Info.plist";
				IPHONEOS_DEPLOYMENT_TARGET = 14.5;
				LD_RUNPATH_SEARCH_PATHS = (
					"$(inherited)",
					"@executable_path/Frameworks",
					"@loader_path/Frameworks",
				);
				PRODUCT_BUNDLE_IDENTIFIER = "com.mattrighetti.Tests-iOS";
				PRODUCT_NAME = "$(TARGET_NAME)";
				SDKROOT = iphoneos;
				SWIFT_VERSION = 5.0;
				TARGETED_DEVICE_FAMILY = "1,2";
				TEST_TARGET_NAME = "chmodutil (iOS)";
				VALIDATE_PRODUCT = YES;
			};
			name = Release;
		};
		C951B8A626C831A200C625C9 /* Debug */ = {
			isa = XCBuildConfiguration;
			buildSettings = {
				ALWAYS_EMBED_SWIFT_STANDARD_LIBRARIES = YES;
				CODE_SIGN_STYLE = Automatic;
				COMBINE_HIDPI_IMAGES = YES;
				DEVELOPMENT_TEAM = H89RFW5UZ6;
				INFOPLIST_FILE = "Tests macOS/Info.plist";
				LD_RUNPATH_SEARCH_PATHS = (
					"$(inherited)",
					"@executable_path/../Frameworks",
					"@loader_path/../Frameworks",
				);
				MACOSX_DEPLOYMENT_TARGET = 11.3;
				PRODUCT_BUNDLE_IDENTIFIER = "com.mattrighetti.Tests-macOS";
				PRODUCT_NAME = "$(TARGET_NAME)";
				SDKROOT = macosx;
				SWIFT_VERSION = 5.0;
				TEST_TARGET_NAME = "chmodutil (macOS)";
			};
			name = Debug;
		};
		C951B8A726C831A200C625C9 /* Release */ = {
			isa = XCBuildConfiguration;
			buildSettings = {
				ALWAYS_EMBED_SWIFT_STANDARD_LIBRARIES = YES;
				CODE_SIGN_STYLE = Automatic;
				COMBINE_HIDPI_IMAGES = YES;
				DEVELOPMENT_TEAM = H89RFW5UZ6;
				INFOPLIST_FILE = "Tests macOS/Info.plist";
				LD_RUNPATH_SEARCH_PATHS = (
					"$(inherited)",
					"@executable_path/../Frameworks",
					"@loader_path/../Frameworks",
				);
				MACOSX_DEPLOYMENT_TARGET = 11.3;
				PRODUCT_BUNDLE_IDENTIFIER = "com.mattrighetti.Tests-macOS";
				PRODUCT_NAME = "$(TARGET_NAME)";
				SDKROOT = macosx;
				SWIFT_VERSION = 5.0;
				TEST_TARGET_NAME = "chmodutil (macOS)";
			};
			name = Release;
		};
/* End XCBuildConfiguration section */

/* Begin XCConfigurationList section */
		C951B86926C831A100C625C9 /* Build configuration list for PBXProject "chmodutil" */ = {
			isa = XCConfigurationList;
			buildConfigurations = (
				C951B89A26C831A200C625C9 /* Debug */,
				C951B89B26C831A200C625C9 /* Release */,
			);
			defaultConfigurationIsVisible = 0;
			defaultConfigurationName = Release;
		};
		C951B89C26C831A200C625C9 /* Build configuration list for PBXNativeTarget "chmodutil (iOS)" */ = {
			isa = XCConfigurationList;
			buildConfigurations = (
				C951B89D26C831A200C625C9 /* Debug */,
				C951B89E26C831A200C625C9 /* Release */,
			);
			defaultConfigurationIsVisible = 0;
			defaultConfigurationName = Release;
		};
		C951B89F26C831A200C625C9 /* Build configuration list for PBXNativeTarget "chmodutil (macOS)" */ = {
			isa = XCConfigurationList;
			buildConfigurations = (
				C951B8A026C831A200C625C9 /* Debug */,
				C951B8A126C831A200C625C9 /* Release */,
			);
			defaultConfigurationIsVisible = 0;
			defaultConfigurationName = Release;
		};
		C951B8A226C831A200C625C9 /* Build configuration list for PBXNativeTarget "Tests iOS" */ = {
			isa = XCConfigurationList;
			buildConfigurations = (
				C951B8A326C831A200C625C9 /* Debug */,
				C951B8A426C831A200C625C9 /* Release */,
			);
			defaultConfigurationIsVisible = 0;
			defaultConfigurationName = Release;
		};
		C951B8A526C831A200C625C9 /* Build configuration list for PBXNativeTarget "Tests macOS" */ = {
			isa = XCConfigurationList;
			buildConfigurations = (
				C951B8A626C831A200C625C9 /* Debug */,
				C951B8A726C831A200C625C9 /* Release */,
			);
			defaultConfigurationIsVisible = 0;
			defaultConfigurationName = Release;
		};
/* End XCConfigurationList section */
	};
	rootObject = C951B86626C831A100C625C9 /* Project object */;
}
